DEPENDENCIES
  berkshelf-api-server
    path: .
    metadata: true

GRAPH
  apt (2.7.0)
  berkshelf-api-server (2.1.1)
    build-essential (>= 2.0.2)
    github (~> 0.3)
    libarchive (~> 0.4)
    nginx (= 1.7.0)
    runit (>= 0.0.0)
  build-essential (2.2.2)
  github (0.3.0)
    libarchive (>= 0.0.0)
  libarchive (0.5.0)
    apt (~> 2.5)
    build-essential (~> 2.0)
  nginx (1.7.0)
    apt (>= 0.0.0)
    build-essential (>= 0.0.0)
    ohai (>= 1.1.4)
    runit (>= 0.0.0)
    yum (>= 0.0.0)
  ohai (2.0.1)
  runit (1.5.18)
    build-essential (>= 0.0.0)
    yum (~> 3.0)
    yum-epel (>= 0.0.0)
  yum (3.5.3)
  yum-epel (0.6.0)
    yum (~> 3.0)
